
Microsoft Visual Studio Solution File, Format Version 12.00
# Visual Studio Version 16
VisualStudioVersion = 16.0.30011.22
MinimumVisualStudioVersion = 10.0.40219.1
Project("{9A19103F-16F7-4668-BE54-9A1E7A4F7556}") = "MarsRobots.Console", "MarsRobots\MarsRobots.Console.csproj", "{0E246035-54F8-45D1-BD1D-7D94E72EF57A}"
EndProject
Project("{9A19103F-16F7-4668-BE54-9A1E7A4F7556}") = "MarsRobots.Business", "MarsRobots.Business\MarsRobots.Business.csproj", "{05328B98-230F-40EB-A66C-60CD588A572A}"
EndProject
Project("{9A19103F-16F7-4668-BE54-9A1E7A4F7556}") = "MarsRobots.Entities", "MarsRobots.Entities\MarsRobots.Entities.csproj", "{0E4F4328-BBDD-477F-8487-4BD187DE6782}"
EndProject
Project("{FAE04EC0-301F-11D3-BF4B-00C04F79EFBC}") = "MarsRobots.Persistence", "MarsRobots.Persistence\MarsRobots.Persistence.csproj", "{5835F636-33ED-478A-89FA-D04C40132627}"
EndProject
Global
	GlobalSection(SolutionConfigurationPlatforms) = preSolution
		Debug|Any CPU = Debug|Any CPU
		Release|Any CPU = Release|Any CPU
	EndGlobalSection
	GlobalSection(ProjectConfigurationPlatforms) = postSolution
		{0E246035-54F8-45D1-BD1D-7D94E72EF57A}.Debug|Any CPU.ActiveCfg = Debug|Any CPU
		{0E246035-54F8-45D1-BD1D-7D94E72EF57A}.Debug|Any CPU.Build.0 = Debug|Any CPU
		{0E246035-54F8-45D1-BD1D-7D94E72EF57A}.Release|Any CPU.ActiveCfg = Release|Any CPU
		{0E246035-54F8-45D1-BD1D-7D94E72EF57A}.Release|Any CPU.Build.0 = Release|Any CPU
		{05328B98-230F-40EB-A66C-60CD588A572A}.Debug|Any CPU.ActiveCfg = Debug|Any CPU
		{05328B98-230F-40EB-A66C-60CD588A572A}.Debug|Any CPU.Build.0 = Debug|Any CPU
		{05328B98-230F-40EB-A66C-60CD588A572A}.Release|Any CPU.ActiveCfg = Release|Any CPU
		{05328B98-230F-40EB-A66C-60CD588A572A}.Release|Any CPU.Build.0 = Release|Any CPU
		{0E4F4328-BBDD-477F-8487-4BD187DE6782}.Debug|Any CPU.ActiveCfg = Debug|Any CPU
		{0E4F4328-BBDD-477F-8487-4BD187DE6782}.Debug|Any CPU.Build.0 = Debug|Any CPU
		{0E4F4328-BBDD-477F-8487-4BD187DE6782}.Release|Any CPU.ActiveCfg = Release|Any CPU
		{0E4F4328-BBDD-477F-8487-4BD187DE6782}.Release|Any CPU.Build.0 = Release|Any CPU
		{5835F636-33ED-478A-89FA-D04C40132627}.Debug|Any CPU.ActiveCfg = Debug|Any CPU
		{5835F636-33ED-478A-89FA-D04C40132627}.Debug|Any CPU.Build.0 = Debug|Any CPU
		{5835F636-33ED-478A-89FA-D04C40132627}.Release|Any CPU.ActiveCfg = Release|Any CPU
		{5835F636-33ED-478A-89FA-D04C40132627}.Release|Any CPU.Build.0 = Release|Any CPU
	EndGlobalSection
	GlobalSection(SolutionProperties) = preSolution
		HideSolutionNode = FALSE
	EndGlobalSection
	GlobalSection(ExtensibilityGlobals) = postSolution
		SolutionGuid = {B6BEAA42-91A4-4260-B949-A2C1CA3C6735}
	EndGlobalSection
EndGlobal
